
Microsoft Visual Studio Solution File, Format Version 12.00
# Visual Studio Version 17
VisualStudioVersion = 17.11.35219.272
MinimumVisualStudioVersion = 10.0.40219.1
Project("{FAE04EC0-301F-11D3-BF4B-00C04F79EFBC}") = "BlazorApp2", "BlazorApp2.csproj", "{90E086A6-78FD-4A77-8917-C3E88BB6A42A}"
EndProject
Global
	GlobalSection(SolutionConfigurationPlatforms) = preSolution
		Debug|Any CPU = Debug|Any CPU
		Release|Any CPU = Release|Any CPU
	EndGlobalSection
	GlobalSection(ProjectConfigurationPlatforms) = postSolution
		{90E086A6-78FD-4A77-8917-C3E88BB6A42A}.Debug|Any CPU.ActiveCfg = Debug|Any CPU
		{90E086A6-78FD-4A77-8917-C3E88BB6A42A}.Debug|Any CPU.Build.0 = Debug|Any CPU
		{90E086A6-78FD-4A77-8917-C3E88BB6A42A}.Release|Any CPU.ActiveCfg = Release|Any CPU
		{90E086A6-78FD-4A77-8917-C3E88BB6A42A}.Release|Any CPU.Build.0 = Release|Any CPU
	EndGlobalSection
	GlobalSection(SolutionProperties) = preSolution
		HideSolutionNode = FALSE
	EndGlobalSection
	GlobalSection(ExtensibilityGlobals) = postSolution
		SolutionGuid = {4C765F11-9E18-41AA-BEE9-4B0E270AFFC8}
	EndGlobalSection
EndGlobal
