
Microsoft Visual Studio Solution File, Format Version 12.00
# Visual Studio Version 17
VisualStudioVersion = 17.11.35219.272
MinimumVisualStudioVersion = 10.0.40219.1
Project("{9A19103F-16F7-4668-BE54-9A1E7A4F7556}") = "OLIDSOLUTON", "OLIDSOLUTON.csproj", "{B48F2C64-6C29-4BB3-9A8A-05FDBC49F7BE}"
EndProject
Project("{00D1A9C2-B5F0-4AF3-8072-F6C62B433612}") = "olidcompany", "..\olidcompany\olidcompany.sqlproj", "{F226BC72-D186-4DF5-8EAB-FCD70175B9C1}"
EndProject
Project("{FAE04EC0-301F-11D3-BF4B-00C04F79EFBC}") = "webLibrary1", "..\webLibrary1\webLibrary1.csproj", "{093ECA7F-E6E6-4FCA-AE29-765B6DE6100C}"
EndProject
Global
	GlobalSection(SolutionConfigurationPlatforms) = preSolution
		Debug|Any CPU = Debug|Any CPU
		Release|Any CPU = Release|Any CPU
	EndGlobalSection
	GlobalSection(ProjectConfigurationPlatforms) = postSolution
		{B48F2C64-6C29-4BB3-9A8A-05FDBC49F7BE}.Debug|Any CPU.ActiveCfg = Debug|Any CPU
		{B48F2C64-6C29-4BB3-9A8A-05FDBC49F7BE}.Debug|Any CPU.Build.0 = Debug|Any CPU
		{B48F2C64-6C29-4BB3-9A8A-05FDBC49F7BE}.Release|Any CPU.ActiveCfg = Release|Any CPU
		{B48F2C64-6C29-4BB3-9A8A-05FDBC49F7BE}.Release|Any CPU.Build.0 = Release|Any CPU
		{F226BC72-D186-4DF5-8EAB-FCD70175B9C1}.Debug|Any CPU.ActiveCfg = Debug|Any CPU
		{F226BC72-D186-4DF5-8EAB-FCD70175B9C1}.Debug|Any CPU.Build.0 = Debug|Any CPU
		{F226BC72-D186-4DF5-8EAB-FCD70175B9C1}.Debug|Any CPU.Deploy.0 = Debug|Any CPU
		{F226BC72-D186-4DF5-8EAB-FCD70175B9C1}.Release|Any CPU.ActiveCfg = Release|Any CPU
		{F226BC72-D186-4DF5-8EAB-FCD70175B9C1}.Release|Any CPU.Build.0 = Release|Any CPU
		{F226BC72-D186-4DF5-8EAB-FCD70175B9C1}.Release|Any CPU.Deploy.0 = Release|Any CPU
		{093ECA7F-E6E6-4FCA-AE29-765B6DE6100C}.Debug|Any CPU.ActiveCfg = Debug|Any CPU
		{093ECA7F-E6E6-4FCA-AE29-765B6DE6100C}.Debug|Any CPU.Build.0 = Debug|Any CPU
		{093ECA7F-E6E6-4FCA-AE29-765B6DE6100C}.Release|Any CPU.ActiveCfg = Release|Any CPU
		{093ECA7F-E6E6-4FCA-AE29-765B6DE6100C}.Release|Any CPU.Build.0 = Release|Any CPU
	EndGlobalSection
	GlobalSection(SolutionProperties) = preSolution
		HideSolutionNode = FALSE
	EndGlobalSection
	GlobalSection(ExtensibilityGlobals) = postSolution
		SolutionGuid = {6B0E3E84-B823-4F57-82CE-01E66B2FDC1A}
	EndGlobalSection
EndGlobal
