
Microsoft Visual Studio Solution File, Format Version 12.00
# Visual Studio Version 17
VisualStudioVersion = 17.11.35219.272
MinimumVisualStudioVersion = 10.0.40219.1
Project("{00D1A9C2-B5F0-4AF3-8072-F6C62B433612}") = "olidcompany", "olidcompany.sqlproj", "{F226BC72-D186-4DF5-8EAB-FCD70175B9C1}"
EndProject
Global
	GlobalSection(SolutionConfigurationPlatforms) = preSolution
		Debug|Any CPU = Debug|Any CPU
		Release|Any CPU = Release|Any CPU
	EndGlobalSection
	GlobalSection(ProjectConfigurationPlatforms) = postSolution
		{F226BC72-D186-4DF5-8EAB-FCD70175B9C1}.Debug|Any CPU.ActiveCfg = Debug|Any CPU
		{F226BC72-D186-4DF5-8EAB-FCD70175B9C1}.Debug|Any CPU.Build.0 = Debug|Any CPU
		{F226BC72-D186-4DF5-8EAB-FCD70175B9C1}.Debug|Any CPU.Deploy.0 = Debug|Any CPU
		{F226BC72-D186-4DF5-8EAB-FCD70175B9C1}.Release|Any CPU.ActiveCfg = Release|Any CPU
		{F226BC72-D186-4DF5-8EAB-FCD70175B9C1}.Release|Any CPU.Build.0 = Release|Any CPU
		{F226BC72-D186-4DF5-8EAB-FCD70175B9C1}.Release|Any CPU.Deploy.0 = Release|Any CPU
	EndGlobalSection
	GlobalSection(SolutionProperties) = preSolution
		HideSolutionNode = FALSE
	EndGlobalSection
	GlobalSection(ExtensibilityGlobals) = postSolution
		SolutionGuid = {D65808ED-3B53-4E50-97B9-A0F3A1178C5F}
	EndGlobalSection
EndGlobal
